
Microsoft Visual Studio Solution File, Format Version 12.00
# Visual Studio Version 17
VisualStudioVersion = 17.1.32328.378
MinimumVisualStudioVersion = 10.0.40219.1
Project("{FAE04EC0-301F-11D3-BF4B-00C04F79EFBC}") = "Regex", "Regex\Regex.csproj", "{D09F8987-7026-43E8-A6B1-3B6775F52BCD}"
EndProject
Global
	GlobalSection(SolutionConfigurationPlatforms) = preSolution
		Debug|Any CPU = Debug|Any CPU
		Release|Any CPU = Release|Any CPU
	EndGlobalSection
	GlobalSection(ProjectConfigurationPlatforms) = postSolution
		{D09F8987-7026-43E8-A6B1-3B6775F52BCD}.Debug|Any CPU.ActiveCfg = Debug|Any CPU
		{D09F8987-7026-43E8-A6B1-3B6775F52BCD}.Debug|Any CPU.Build.0 = Debug|Any CPU
		{D09F8987-7026-43E8-A6B1-3B6775F52BCD}.Release|Any CPU.ActiveCfg = Release|Any CPU
		{D09F8987-7026-43E8-A6B1-3B6775F52BCD}.Release|Any CPU.Build.0 = Release|Any CPU
	EndGlobalSection
	GlobalSection(SolutionProperties) = preSolution
		HideSolutionNode = FALSE
	EndGlobalSection
	GlobalSection(ExtensibilityGlobals) = postSolution
		SolutionGuid = {B5F8BEEA-6D0C-4DCF-A6CB-230A201FB902}
	EndGlobalSection
EndGlobal
